// !$*UTF8*$!
{
	archiveVersion = 1;
	classes = {
	};
	objectVersion = 50;
	objects = {

/* Begin PBXBuildFile section */
		1113C7AD20A48E61000D4961 /* AppDelegate.swift in Sources */ = {isa = PBXBuildFile; fileRef = 1113C7AC20A48E61000D4961 /* AppDelegate.swift */; };
		1113C7AF20A48E61000D4961 /* ViewController.swift in Sources */ = {isa = PBXBuildFile; fileRef = 1113C7AE20A48E61000D4961 /* ViewController.swift */; };
		1113C7B220A48E61000D4961 /* Main.storyboard in Resources */ = {isa = PBXBuildFile; fileRef = 1113C7B020A48E61000D4961 /* Main.storyboard */; };
		1113C7B420A48E63000D4961 /* Assets.xcassets in Resources */ = {isa = PBXBuildFile; fileRef = 1113C7B320A48E63000D4961 /* Assets.xcassets */; };
		1113C7B720A48E63000D4961 /* LaunchScreen.storyboard in Resources */ = {isa = PBXBuildFile; fileRef = 1113C7B520A48E63000D4961 /* LaunchScreen.storyboard */; };
		1113C7BF20A49110000D4961 /* GoogleService-Info.plist in Resources */ = {isa = PBXBuildFile; fileRef = 1113C7BE20A49110000D4961 /* GoogleService-Info.plist */; };
		2ECE67DC4B1771253F1A4B50 /* Pods_Push_DML.framework in Frameworks */ = {isa = PBXBuildFile; fileRef = 85F61170624FAE6E4AC6976D /* Pods_Push_DML.framework */; };
/* End PBXBuildFile section */

/* Begin PBXFileReference section */
		1113C7A920A48E61000D4961 /* Push DML.app */ = {isa = PBXFileReference; explicitFileType = wrapper.application; includeInIndex = 0; path = "Push DML.app"; sourceTree = BUILT_PRODUCTS_DIR; };
		1113C7AC20A48E61000D4961 /* AppDelegate.swift */ = {isa = PBXFileReference; lastKnownFileType = sourcecode.swift; path = AppDelegate.swift; sourceTree = "<group>"; };
		1113C7AE20A48E61000D4961 /* ViewController.swift */ = {isa = PBXFileReference; lastKnownFileType = sourcecode.swift; path = ViewController.swift; sourceTree = "<group>"; };
		1113C7B120A48E61000D4961 /* Base */ = {isa = PBXFileReference; lastKnownFileType = file.storyboard; name = Base; path = Base.lproj/Main.storyboard; sourceTree = "<group>"; };
		1113C7B320A48E63000D4961 /* Assets.xcassets */ = {isa = PBXFileReference; lastKnownFileType = folder.assetcatalog; path = Assets.xcassets; sourceTree = "<group>"; };
		1113C7B620A48E63000D4961 /* Base */ = {isa = PBXFileReference; lastKnownFileType = file.storyboard; name = Base; path = Base.lproj/LaunchScreen.storyboard; sourceTree = "<group>"; };
		1113C7B820A48E63000D4961 /* Info.plist */ = {isa = PBXFileReference; lastKnownFileType = text.plist.xml; path = Info.plist; sourceTree = "<group>"; };
		1113C7BE20A49110000D4961 /* GoogleService-Info.plist */ = {isa = PBXFileReference; fileEncoding = 4; lastKnownFileType = text.plist.xml; path = "GoogleService-Info.plist"; sourceTree = "<group>"; };
		5A3A88C2286C9F47F2510448 /* Pods-Push DML.debug.xcconfig */ = {isa = PBXFileReference; includeInIndex = 1; lastKnownFileType = text.xcconfig; name = "Pods-Push DML.debug.xcconfig"; path = "Pods/Target Support Files/Pods-Push DML/Pods-Push DML.debug.xcconfig"; sourceTree = "<group>"; };
		6AE44A0B39425594C46CB547 /* Pods-Push DML.release.xcconfig */ = {isa = PBXFileReference; includeInIndex = 1; lastKnownFileType = text.xcconfig; name = "Pods-Push DML.release.xcconfig"; path = "Pods/Target Support Files/Pods-Push DML/Pods-Push DML.release.xcconfig"; sourceTree = "<group>"; };
		85F61170624FAE6E4AC6976D /* Pods_Push_DML.framework */ = {isa = PBXFileReference; explicitFileType = wrapper.framework; includeInIndex = 0; path = Pods_Push_DML.framework; sourceTree = BUILT_PRODUCTS_DIR; };
/* End PBXFileReference section */

/* Begin PBXFrameworksBuildPhase section */
		1113C7A620A48E61000D4961 /* Frameworks */ = {
			isa = PBXFrameworksBuildPhase;
			buildActionMask = 2147483647;
			files = (
				2ECE67DC4B1771253F1A4B50 /* Pods_Push_DML.framework in Frameworks */,
			);
			runOnlyForDeploymentPostprocessing = 0;
		};
/* End PBXFrameworksBuildPhase section */

/* Begin PBXGroup section */
		1113C7A020A48E61000D4961 = {
			isa = PBXGroup;
			children = (
				1113C7AB20A48E61000D4961 /* Push DML */,
				1113C7AA20A48E61000D4961 /* Products */,
				EDDA7FDCE99EDE2D4F54614A /* Pods */,
				B6B1162B3494151BE7854704 /* Frameworks */,
			);
			sourceTree = "<group>";
		};
		1113C7AA20A48E61000D4961 /* Products */ = {
			isa = PBXGroup;
			children = (
				1113C7A920A48E61000D4961 /* Push DML.app */,
			);
			name = Products;
			sourceTree = "<group>";
		};
		1113C7AB20A48E61000D4961 /* Push DML */ = {
			isa = PBXGroup;
			children = (
				1113C7BE20A49110000D4961 /* GoogleService-Info.plist */,
				1113C7AC20A48E61000D4961 /* AppDelegate.swift */,
				1113C7AE20A48E61000D4961 /* ViewController.swift */,
				1113C7B020A48E61000D4961 /* Main.storyboard */,
				1113C7B320A48E63000D4961 /* Assets.xcassets */,
				1113C7B520A48E63000D4961 /* LaunchScreen.storyboard */,
				1113C7B820A48E63000D4961 /* Info.plist */,
			);
			path = "Push DML";
			sourceTree = "<group>";
		};
		B6B1162B3494151BE7854704 /* Frameworks */ = {
			isa = PBXGroup;
			children = (
				85F61170624FAE6E4AC6976D /* Pods_Push_DML.framework */,
			);
			name = Frameworks;
			sourceTree = "<group>";
		};
		EDDA7FDCE99EDE2D4F54614A /* Pods */ = {
			isa = PBXGroup;
			children = (
				5A3A88C2286C9F47F2510448 /* Pods-Push DML.debug.xcconfig */,
				6AE44A0B39425594C46CB547 /* Pods-Push DML.release.xcconfig */,
			);
			name = Pods;
			sourceTree = "<group>";
		};
/* End PBXGroup section */

/* Begin PBXNativeTarget section */
		1113C7A820A48E61000D4961 /* Push DML */ = {
			isa = PBXNativeTarget;
			buildConfigurationList = 1113C7BB20A48E63000D4961 /* Build configuration list for PBXNativeTarget "Push DML" */;
			buildPhases = (
				4D325192ECA10A6A4A6A3607 /* [CP] Check Pods Manifest.lock */,
				1113C7A520A48E61000D4961 /* Sources */,
				1113C7A620A48E61000D4961 /* Frameworks */,
				1113C7A720A48E61000D4961 /* Resources */,
				2A92BD0CEB47E50A518EA800 /* [CP] Embed Pods Frameworks */,
			);
			buildRules = (
			);
			dependencies = (
			);
			name = "Push DML";
			productName = "Push DML";
			productReference = 1113C7A920A48E61000D4961 /* Push DML.app */;
			productType = "com.apple.product-type.application";
		};
/* End PBXNativeTarget section */

/* Begin PBXProject section */
		1113C7A120A48E61000D4961 /* Project object */ = {
			isa = PBXProject;
			attributes = {
				LastSwiftUpdateCheck = 0930;
				LastUpgradeCheck = 0930;
				ORGANIZATIONNAME = "Dean Lindsey";
				TargetAttributes = {
					1113C7A820A48E61000D4961 = {
						CreatedOnToolsVersion = 9.3;
					};
				};
			};
			buildConfigurationList = 1113C7A420A48E61000D4961 /* Build configuration list for PBXProject "Push DML" */;
			compatibilityVersion = "Xcode 9.3";
			developmentRegion = en;
			hasScannedForEncodings = 0;
			knownRegions = (
				en,
				Base,
			);
			mainGroup = 1113C7A020A48E61000D4961;
			productRefGroup = 1113C7AA20A48E61000D4961 /* Products */;
			projectDirPath = "";
			projectRoot = "";
			targets = (
				1113C7A820A48E61000D4961 /* Push DML */,
			);
		};
/* End PBXProject section */

/* Begin PBXResourcesBuildPhase section */
		1113C7A720A48E61000D4961 /* Resources */ = {
			isa = PBXResourcesBuildPhase;
			buildActionMask = 2147483647;
			files = (
				1113C7B720A48E63000D4961 /* LaunchScreen.storyboard in Resources */,
				1113C7BF20A49110000D4961 /* GoogleService-Info.plist in Resources */,
				1113C7B420A48E63000D4961 /* Assets.xcassets in Resources */,
				1113C7B220A48E61000D4961 /* Main.storyboard in Resources */,
			);
			runOnlyForDeploymentPostprocessing = 0;
		};
/* End PBXResourcesBuildPhase section */

/* Begin PBXShellScriptBuildPhase section */
		2A92BD0CEB47E50A518EA800 /* [CP] Embed Pods Frameworks */ = {
			isa = PBXShellScriptBuildPhase;
			buildActionMask = 2147483647;
			files = (
			);
			inputPaths = (
				"${SRCROOT}/Pods/Target Support Files/Pods-Push DML/Pods-Push DML-frameworks.sh",
				"${BUILT_PRODUCTS_DIR}/GoogleToolboxForMac/GoogleToolboxForMac.framework",
				"${BUILT_PRODUCTS_DIR}/nanopb/nanopb.framework",
			);
			name = "[CP] Embed Pods Frameworks";
			outputPaths = (
				"${TARGET_BUILD_DIR}/${FRAMEWORKS_FOLDER_PATH}/GoogleToolboxForMac.framework",
				"${TARGET_BUILD_DIR}/${FRAMEWORKS_FOLDER_PATH}/nanopb.framework",
			);
			runOnlyForDeploymentPostprocessing = 0;
			shellPath = /bin/sh;
			shellScript = "\"${SRCROOT}/Pods/Target Support Files/Pods-Push DML/Pods-Push DML-frameworks.sh\"\n";
			showEnvVarsInLog = 0;
		};
		4D325192ECA10A6A4A6A3607 /* [CP] Check Pods Manifest.lock */ = {
			isa = PBXShellScriptBuildPhase;
			buildActionMask = 2147483647;
			files = (
			);
			inputPaths = (
				"${PODS_PODFILE_DIR_PATH}/Podfile.lock",
				"${PODS_ROOT}/Manifest.lock",
			);
			name = "[CP] Check Pods Manifest.lock";
			outputPaths = (
				"$(DERIVED_FILE_DIR)/Pods-Push DML-checkManifestLockResult.txt",
			);
			runOnlyForDeploymentPostprocessing = 0;
			shellPath = /bin/sh;
			shellScript = "diff \"${PODS_PODFILE_DIR_PATH}/Podfile.lock\" \"${PODS_ROOT}/Manifest.lock\" > /dev/null\nif [ $? != 0 ] ; then\n    # print error to STDERR\n    echo \"error: The sandbox is not in sync with the Podfile.lock. Run 'pod install' or update your CocoaPods installation.\" >&2\n    exit 1\nfi\n# This output is used by Xcode 'outputs' to avoid re-running this script phase.\necho \"SUCCESS\" > \"${SCRIPT_OUTPUT_FILE_0}\"\n";
			showEnvVarsInLog = 0;
		};
/* End PBXShellScriptBuildPhase section */

/* Begin PBXSourcesBuildPhase section */
		1113C7A520A48E61000D4961 /* Sources */ = {
			isa = PBXSourcesBuildPhase;
			buildActionMask = 2147483647;
			files = (
				1113C7AF20A48E61000D4961 /* ViewController.swift in Sources */,
				1113C7AD20A48E61000D4961 /* AppDelegate.swift in Sources */,
			);
			runOnlyForDeploymentPostprocessing = 0;
		};
/* End PBXSourcesBuildPhase section */

/* Begin PBXVariantGroup section */
		1113C7B020A48E61000D4961 /* Main.storyboard */ = {
			isa = PBXVariantGroup;
			children = (
				1113C7B120A48E61000D4961 /* Base */,
			);
			name = Main.storyboard;
			sourceTree = "<group>";
		};
		1113C7B520A48E63000D4961 /* LaunchScreen.storyboard */ = {
			isa = PBXVariantGroup;
			children = (
				1113C7B620A48E63000D4961 /* Base */,
			);
			name = LaunchScreen.storyboard;
			sourceTree = "<group>";
		};
/* End PBXVariantGroup section */

/* Begin XCBuildConfiguration section */
		1113C7B920A48E63000D4961 /* Debug */ = {
			isa = XCBuildConfiguration;
			buildSettings = {
				ALWAYS_SEARCH_USER_PATHS = NO;
				CLANG_ANALYZER_NONNULL = YES;
				CLANG_ANALYZER_NUMBER_OBJECT_CONVERSION = YES_AGGRESSIVE;
				CLANG_CXX_LANGUAGE_STANDARD = "gnu++14";
				CLANG_CXX_LIBRARY = "libc++";
				CLANG_ENABLE_MODULES = YES;
				CLANG_ENABLE_OBJC_ARC = YES;
				CLANG_ENABLE_OBJC_WEAK = YES;
				CLANG_WARN_BLOCK_CAPTURE_AUTORELEASING = YES;
				CLANG_WARN_BOOL_CONVERSION = YES;
				CLANG_WARN_COMMA = YES;
				CLANG_WARN_CONSTANT_CONVERSION = YES;
				CLANG_WARN_DEPRECATED_OBJC_IMPLEMENTATIONS = YES;
				CLANG_WARN_DIRECT_OBJC_ISA_USAGE = YES_ERROR;
				CLANG_WARN_DOCUMENTATION_COMMENTS = YES;
				CLANG_WARN_EMPTY_BODY = YES;
				CLANG_WARN_ENUM_CONVERSION = YES;
				CLANG_WARN_INFINITE_RECURSION = YES;
				CLANG_WARN_INT_CONVERSION = YES;
				CLANG_WARN_NON_LITERAL_NULL_CONVERSION = YES;
				CLANG_WARN_OBJC_IMPLICIT_RETAIN_SELF = YES;
				CLANG_WARN_OBJC_LITERAL_CONVERSION = YES;
				CLANG_WARN_OBJC_ROOT_CLASS = YES_ERROR;
				CLANG_WARN_RANGE_LOOP_ANALYSIS = YES;
				CLANG_WARN_STRICT_PROTOTYPES = YES;
				CLANG_WARN_SUSPICIOUS_MOVE = YES;
				CLANG_WARN_UNGUARDED_AVAILABILITY = YES_AGGRESSIVE;
				CLANG_WARN_UNREACHABLE_CODE = YES;
				CLANG_WARN__DUPLICATE_METHOD_MATCH = YES;
				CODE_SIGN_IDENTITY = "iPhone Developer";
				COPY_PHASE_STRIP = NO;
				DEBUG_INFORMATION_FORMAT = dwarf;
				ENABLE_STRICT_OBJC_MSGSEND = YES;
				ENABLE_TESTABILITY = YES;
				GCC_C_LANGUAGE_STANDARD = gnu11;
				GCC_DYNAMIC_NO_PIC = NO;
				GCC_NO_COMMON_BLOCKS = YES;
				GCC_OPTIMIZATION_LEVEL = 0;
				GCC_PREPROCESSOR_DEFINITIONS = (
					"DEBUG=1",
					"$(inherited)",
				);
				GCC_WARN_64_TO_32_BIT_CONVERSION = YES;
				GCC_WARN_ABOUT_RETURN_TYPE = YES_ERROR;
				GCC_WARN_UNDECLARED_SELECTOR = YES;
				GCC_WARN_UNINITIALIZED_AUTOS = YES_AGGRESSIVE;
				GCC_WARN_UNUSED_FUNCTION = YES;
				GCC_WARN_UNUSED_VARIABLE = YES;
				IPHONEOS_DEPLOYMENT_TARGET = 11.3;
				MTL_ENABLE_DEBUG_INFO = YES;
				ONLY_ACTIVE_ARCH = YES;
				SDKROOT = iphoneos;
				SWIFT_ACTIVE_COMPILATION_CONDITIONS = DEBUG;
				SWIFT_OPTIMIZATION_LEVEL = "-Onone";
			};
			name = Debug;
		};
		1113C7BA20A48E63000D4961 /* Release */ = {
			isa = XCBuildConfiguration;
			buildSettings = {
				ALWAYS_SEARCH_USER_PATHS = NO;
				CLANG_ANALYZER_NONNULL = YES;
				CLANG_ANALYZER_NUMBER_OBJECT_CONVERSION = YES_AGGRESSIVE;
				CLANG_CXX_LANGUAGE_STANDARD = "gnu++14";
				CLANG_CXX_LIBRARY = "libc++";
				CLANG_ENABLE_MODULES = YES;
				CLANG_ENABLE_OBJC_ARC = YES;
				CLANG_ENABLE_OBJC_WEAK = YES;
				CLANG_WARN_BLOCK_CAPTURE_AUTORELEASING = YES;
				CLANG_WARN_BOOL_CONVERSION = YES;
				CLANG_WARN_COMMA = YES;
				CLANG_WARN_CONSTANT_CONVERSION = YES;
				CLANG_WARN_DEPRECATED_OBJC_IMPLEMENTATIONS = YES;
				CLANG_WARN_DIRECT_OBJC_ISA_USAGE = YES_ERROR;
				CLANG_WARN_DOCUMENTATION_COMMENTS = YES;
				CLANG_WARN_EMPTY_BODY = YES;
				CLANG_WARN_ENUM_CONVERSION = YES;
				CLANG_WARN_INFINITE_RECURSION = YES;
				CLANG_WARN_INT_CONVERSION = YES;
				CLANG_WARN_NON_LITERAL_NULL_CONVERSION = YES;
				CLANG_WARN_OBJC_IMPLICIT_RETAIN_SELF = YES;
				CLANG_WARN_OBJC_LITERAL_CONVERSION = YES;
				CLANG_WARN_OBJC_ROOT_CLASS = YES_ERROR;
				CLANG_WARN_RANGE_LOOP_ANALYSIS = YES;
				CLANG_WARN_STRICT_PROTOTYPES = YES;
				CLANG_WARN_SUSPICIOUS_MOVE = YES;
				CLANG_WARN_UNGUARDED_AVAILABILITY = YES_AGGRESSIVE;
				CLANG_WARN_UNREACHABLE_CODE = YES;
				CLANG_WARN__DUPLICATE_METHOD_MATCH = YES;
				CODE_SIGN_IDENTITY = "iPhone Developer";
				COPY_PHASE_STRIP = NO;
				DEBUG_INFORMATION_FORMAT = "dwarf-with-dsym";
				ENABLE_NS_ASSERTIONS = NO;
				ENABLE_STRICT_OBJC_MSGSEND = YES;
				GCC_C_LANGUAGE_STANDARD = gnu11;
				GCC_NO_COMMON_BLOCKS = YES;
				GCC_WARN_64_TO_32_BIT_CONVERSION = YES;
				GCC_WARN_ABOUT_RETURN_TYPE = YES_ERROR;
				GCC_WARN_UNDECLARED_SELECTOR = YES;
				GCC_WARN_UNINITIALIZED_AUTOS = YES_AGGRESSIVE;
				GCC_WARN_UNUSED_FUNCTION = YES;
				GCC_WARN_UNUSED_VARIABLE = YES;
				IPHONEOS_DEPLOYMENT_TARGET = 11.3;
				MTL_ENABLE_DEBUG_INFO = NO;
				SDKROOT = iphoneos;
				SWIFT_COMPILATION_MODE = wholemodule;
				SWIFT_OPTIMIZATION_LEVEL = "-O";
				VALIDATE_PRODUCT = YES;
			};
			name = Release;
		};
		1113C7BC20A48E63000D4961 /* Debug */ = {
			isa = XCBuildConfiguration;
			baseConfigurationReference = 5A3A88C2286C9F47F2510448 /* Pods-Push DML.debug.xcconfig */;
			buildSettings = {
				ASSETCATALOG_COMPILER_APPICON_NAME = AppIcon;
				CODE_SIGN_STYLE = Automatic;
				DEVELOPMENT_TEAM = KD5RQB944P;
				INFOPLIST_FILE = "Push DML/Info.plist";
				LD_RUNPATH_SEARCH_PATHS = "$(inherited) @executable_path/Frameworks";
				PRODUCT_BUNDLE_IDENTIFIER = "uk.org.coolamber.Push-DML";
				PRODUCT_NAME = "$(TARGET_NAME)";
				SWIFT_VERSION = 4.0;
				TARGETED_DEVICE_FAMILY = "1,2";
			};
			name = Debug;
		};
		1113C7BD20A48E63000D4961 /* Release */ = {
			isa = XCBuildConfiguration;
			baseConfigurationReference = 6AE44A0B39425594C46CB547 /* Pods-Push DML.release.xcconfig */;
			buildSettings = {
				ASSETCATALOG_COMPILER_APPICON_NAME = AppIcon;
				CODE_SIGN_STYLE = Automatic;
				DEVELOPMENT_TEAM = KD5RQB944P;
				INFOPLIST_FILE = "Push DML/Info.plist";
				LD_RUNPATH_SEARCH_PATHS = "$(inherited) @executable_path/Frameworks";
				PRODUCT_BUNDLE_IDENTIFIER = "uk.org.coolamber.Push-DML";
				PRODUCT_NAME = "$(TARGET_NAME)";
				SWIFT_VERSION = 4.0;
				TARGETED_DEVICE_FAMILY = "1,2";
			};
			name = Release;
		};
/* End XCBuildConfiguration section */

/* Begin XCConfigurationList section */
		1113C7A420A48E61000D4961 /* Build configuration list for PBXProject "Push DML" */ = {
			isa = XCConfigurationList;
			buildConfigurations = (
				1113C7B920A48E63000D4961 /* Debug */,
				1113C7BA20A48E63000D4961 /* Release */,
			);
			defaultConfigurationIsVisible = 0;
			defaultConfigurationName = Release;
		};
		1113C7BB20A48E63000D4961 /* Build configuration list for PBXNativeTarget "Push DML" */ = {
			isa = XCConfigurationList;
			buildConfigurations = (
				1113C7BC20A48E63000D4961 /* Debug */,
				1113C7BD20A48E63000D4961 /* Release */,
			);
			defaultConfigurationIsVisible = 0;
			defaultConfigurationName = Release;
		};
/* End XCConfigurationList section */
	};
	rootObject = 1113C7A120A48E61000D4961 /* Project object */;
}
